// !$*UTF8*$!
{
	archiveVersion = 1;
	classes = {
	};
	objectVersion = 55;
	objects = {

/* Begin PBXBuildFile section */
		FA3D75282821E33000BCCE7A /* WelcomeView.swift in Sources */ = {isa = PBXBuildFile; fileRef = FA3D75272821E33000BCCE7A /* WelcomeView.swift */; };
		FA3D752C2821EB0A00BCCE7A /* LoadingView.swift in Sources */ = {isa = PBXBuildFile; fileRef = FA3D752B2821EB0A00BCCE7A /* LoadingView.swift */; };
		FA848391282330A500F81862 /* WeatherManager.swift in Sources */ = {isa = PBXBuildFile; fileRef = FA848390282330A500F81862 /* WeatherManager.swift */; };
		FAA65FCD2821DC3500E2DA9F /* WeatherApp.swift in Sources */ = {isa = PBXBuildFile; fileRef = FAA65FCC2821DC3500E2DA9F /* WeatherApp.swift */; };
		FAA65FCF2821DC3500E2DA9F /* ContentView.swift in Sources */ = {isa = PBXBuildFile; fileRef = FAA65FCE2821DC3500E2DA9F /* ContentView.swift */; };
		FAA65FD12821DC3500E2DA9F /* Assets.xcassets in Resources */ = {isa = PBXBuildFile; fileRef = FAA65FD02821DC3500E2DA9F /* Assets.xcassets */; };
		FAA65FD42821DC3500E2DA9F /* Preview Assets.xcassets in Resources */ = {isa = PBXBuildFile; fileRef = FAA65FD32821DC3500E2DA9F /* Preview Assets.xcassets */; };
		FAA65FDC2821DE4C00E2DA9F /* LocationManager.swift in Sources */ = {isa = PBXBuildFile; fileRef = FAA65FDB2821DE4C00E2DA9F /* LocationManager.swift */; };
		FAF6A925282562D40053E071 /* WeatherView.swift in Sources */ = {isa = PBXBuildFile; fileRef = FAF6A924282562D40053E071 /* WeatherView.swift */; };
		FAF6A927282563300053E071 /* ModelData.swift in Sources */ = {isa = PBXBuildFile; fileRef = FAF6A926282563300053E071 /* ModelData.swift */; };
		FAF6A92B282563B80053E071 /* WeatherData.json in Resources */ = {isa = PBXBuildFile; fileRef = FAF6A92A282563B80053E071 /* WeatherData.json */; };
		FAF6A92D2825671C0053E071 /* Extensions.swift in Sources */ = {isa = PBXBuildFile; fileRef = FAF6A92C2825671C0053E071 /* Extensions.swift */; };
/* End PBXBuildFile section */

/* Begin PBXFileReference section */
		FA3D75272821E33000BCCE7A /* WelcomeView.swift */ = {isa = PBXFileReference; lastKnownFileType = sourcecode.swift; path = WelcomeView.swift; sourceTree = "<group>"; };
		FA3D752B2821EB0A00BCCE7A /* LoadingView.swift */ = {isa = PBXFileReference; lastKnownFileType = sourcecode.swift; path = LoadingView.swift; sourceTree = "<group>"; };
		FA848390282330A500F81862 /* WeatherManager.swift */ = {isa = PBXFileReference; lastKnownFileType = sourcecode.swift; path = WeatherManager.swift; sourceTree = "<group>"; };
		FAA65FC92821DC3500E2DA9F /* Weather.app */ = {isa = PBXFileReference; explicitFileType = wrapper.application; includeInIndex = 0; path = Weather.app; sourceTree = BUILT_PRODUCTS_DIR; };
		FAA65FCC2821DC3500E2DA9F /* WeatherApp.swift */ = {isa = PBXFileReference; lastKnownFileType = sourcecode.swift; path = WeatherApp.swift; sourceTree = "<group>"; };
		FAA65FCE2821DC3500E2DA9F /* ContentView.swift */ = {isa = PBXFileReference; lastKnownFileType = sourcecode.swift; path = ContentView.swift; sourceTree = "<group>"; };
		FAA65FD02821DC3500E2DA9F /* Assets.xcassets */ = {isa = PBXFileReference; lastKnownFileType = folder.assetcatalog; path = Assets.xcassets; sourceTree = "<group>"; };
		FAA65FD32821DC3500E2DA9F /* Preview Assets.xcassets */ = {isa = PBXFileReference; lastKnownFileType = folder.assetcatalog; path = "Preview Assets.xcassets"; sourceTree = "<group>"; };
		FAA65FDB2821DE4C00E2DA9F /* LocationManager.swift */ = {isa = PBXFileReference; lastKnownFileType = sourcecode.swift; path = LocationManager.swift; sourceTree = "<group>"; };
		FAF6A924282562D40053E071 /* WeatherView.swift */ = {isa = PBXFileReference; lastKnownFileType = sourcecode.swift; path = WeatherView.swift; sourceTree = "<group>"; };
		FAF6A926282563300053E071 /* ModelData.swift */ = {isa = PBXFileReference; lastKnownFileType = sourcecode.swift; path = ModelData.swift; sourceTree = "<group>"; };
		FAF6A92A282563B80053E071 /* WeatherData.json */ = {isa = PBXFileReference; lastKnownFileType = text.json; path = WeatherData.json; sourceTree = "<group>"; };
		FAF6A92C2825671C0053E071 /* Extensions.swift */ = {isa = PBXFileReference; lastKnownFileType = sourcecode.swift; path = Extensions.swift; sourceTree = "<group>"; };
/* End PBXFileReference section */

/* Begin PBXFrameworksBuildPhase section */
		FAA65FC62821DC3500E2DA9F /* Frameworks */ = {
			isa = PBXFrameworksBuildPhase;
			buildActionMask = 2147483647;
			files = (
			);
			runOnlyForDeploymentPostprocessing = 0;
		};
/* End PBXFrameworksBuildPhase section */

/* Begin PBXGroup section */
		FAA65FC02821DC3500E2DA9F = {
			isa = PBXGroup;
			children = (
				FAA65FCB2821DC3500E2DA9F /* Weather */,
				FAA65FCA2821DC3500E2DA9F /* Products */,
			);
			sourceTree = "<group>";
		};
		FAA65FCA2821DC3500E2DA9F /* Products */ = {
			isa = PBXGroup;
			children = (
				FAA65FC92821DC3500E2DA9F /* Weather.app */,
			);
			name = Products;
			sourceTree = "<group>";
		};
		FAA65FCB2821DC3500E2DA9F /* Weather */ = {
			isa = PBXGroup;
			children = (
				FAA65FCC2821DC3500E2DA9F /* WeatherApp.swift */,
				FAA65FDD2821E08100E2DA9F /* Views */,
				FAA65FDA2821DE2900E2DA9F /* Managers */,
				FAA65FD02821DC3500E2DA9F /* Assets.xcassets */,
				FAA65FD22821DC3500E2DA9F /* Preview Content */,
			);
			path = Weather;
			sourceTree = "<group>";
		};
		FAA65FD22821DC3500E2DA9F /* Preview Content */ = {
			isa = PBXGroup;
			children = (
				FAA65FD32821DC3500E2DA9F /* Preview Assets.xcassets */,
				FAF6A92A282563B80053E071 /* WeatherData.json */,
				FAF6A926282563300053E071 /* ModelData.swift */,
			);
			path = "Preview Content";
			sourceTree = "<group>";
		};
		FAA65FDA2821DE2900E2DA9F /* Managers */ = {
			isa = PBXGroup;
			children = (
				FAA65FDB2821DE4C00E2DA9F /* LocationManager.swift */,
				FA848390282330A500F81862 /* WeatherManager.swift */,
				FAF6A92C2825671C0053E071 /* Extensions.swift */,
			);
			path = Managers;
			sourceTree = "<group>";
		};
		FAA65FDD2821E08100E2DA9F /* Views */ = {
			isa = PBXGroup;
			children = (
				FAA65FCE2821DC3500E2DA9F /* ContentView.swift */,
				FA3D75272821E33000BCCE7A /* WelcomeView.swift */,
				FA3D752B2821EB0A00BCCE7A /* LoadingView.swift */,
				FAF6A924282562D40053E071 /* WeatherView.swift */,
			);
			path = Views;
			sourceTree = "<group>";
		};
/* End PBXGroup section */

/* Begin PBXNativeTarget section */
		FAA65FC82821DC3500E2DA9F /* Weather */ = {
			isa = PBXNativeTarget;
			buildConfigurationList = FAA65FD72821DC3500E2DA9F /* Build configuration list for PBXNativeTarget "Weather" */;
			buildPhases = (
				FAA65FC52821DC3500E2DA9F /* Sources */,
				FAA65FC62821DC3500E2DA9F /* Frameworks */,
				FAA65FC72821DC3500E2DA9F /* Resources */,
			);
			buildRules = (
			);
			dependencies = (
			);
			name = Weather;
			productName = Weather;
			productReference = FAA65FC92821DC3500E2DA9F /* Weather.app */;
			productType = "com.apple.product-type.application";
		};
/* End PBXNativeTarget section */

/* Begin PBXProject section */
		FAA65FC12821DC3500E2DA9F /* Project object */ = {
			isa = PBXProject;
			attributes = {
				BuildIndependentTargetsInParallel = 1;
				LastSwiftUpdateCheck = 1330;
				LastUpgradeCheck = 1330;
				TargetAttributes = {
					FAA65FC82821DC3500E2DA9F = {
						CreatedOnToolsVersion = 13.3.1;
					};
				};
			};
			buildConfigurationList = FAA65FC42821DC3500E2DA9F /* Build configuration list for PBXProject "Weather" */;
			compatibilityVersion = "Xcode 13.0";
			developmentRegion = en;
			hasScannedForEncodings = 0;
			knownRegions = (
				en,
				Base,
			);
			mainGroup = FAA65FC02821DC3500E2DA9F;
			productRefGroup = FAA65FCA2821DC3500E2DA9F /* Products */;
			projectDirPath = "";
			projectRoot = "";
			targets = (
				FAA65FC82821DC3500E2DA9F /* Weather */,
			);
		};
/* End PBXProject section */

/* Begin PBXResourcesBuildPhase section */
		FAA65FC72821DC3500E2DA9F /* Resources */ = {
			isa = PBXResourcesBuildPhase;
			buildActionMask = 2147483647;
			files = (
				FAF6A92B282563B80053E071 /* WeatherData.json in Resources */,
				FAA65FD42821DC3500E2DA9F /* Preview Assets.xcassets in Resources */,
				FAA65FD12821DC3500E2DA9F /* Assets.xcassets in Resources */,
			);
			runOnlyForDeploymentPostprocessing = 0;
		};
/* End PBXResourcesBuildPhase section */

/* Begin PBXSourcesBuildPhase section */
		FAA65FC52821DC3500E2DA9F /* Sources */ = {
			isa = PBXSourcesBuildPhase;
			buildActionMask = 2147483647;
			files = (
				FA848391282330A500F81862 /* WeatherManager.swift in Sources */,
				FAF6A92D2825671C0053E071 /* Extensions.swift in Sources */,
				FAA65FCF2821DC3500E2DA9F /* ContentView.swift in Sources */,
				FAA65FCD2821DC3500E2DA9F /* WeatherApp.swift in Sources */,
				FAA65FDC2821DE4C00E2DA9F /* LocationManager.swift in Sources */,
				FA3D752C2821EB0A00BCCE7A /* LoadingView.swift in Sources */,
				FAF6A927282563300053E071 /* ModelData.swift in Sources */,
				FAF6A925282562D40053E071 /* WeatherView.swift in Sources */,
				FA3D75282821E33000BCCE7A /* WelcomeView.swift in Sources */,
			);
			runOnlyForDeploymentPostprocessing = 0;
		};
/* End PBXSourcesBuildPhase section */

/* Begin XCBuildConfiguration section */
		FAA65FD52821DC3500E2DA9F /* Debug */ = {
			isa = XCBuildConfiguration;
			buildSettings = {
				ALWAYS_SEARCH_USER_PATHS = NO;
				CLANG_ANALYZER_NONNULL = YES;
				CLANG_ANALYZER_NUMBER_OBJECT_CONVERSION = YES_AGGRESSIVE;
				CLANG_CXX_LANGUAGE_STANDARD = "gnu++17";
				CLANG_ENABLE_MODULES = YES;
				CLANG_ENABLE_OBJC_ARC = YES;
				CLANG_ENABLE_OBJC_WEAK = YES;
				CLANG_WARN_BLOCK_CAPTURE_AUTORELEASING = YES;
				CLANG_WARN_BOOL_CONVERSION = YES;
				CLANG_WARN_COMMA = YES;
				CLANG_WARN_CONSTANT_CONVERSION = YES;
				CLANG_WARN_DEPRECATED_OBJC_IMPLEMENTATIONS = YES;
				CLANG_WARN_DIRECT_OBJC_ISA_USAGE = YES_ERROR;
				CLANG_WARN_DOCUMENTATION_COMMENTS = YES;
				CLANG_WARN_EMPTY_BODY = YES;
				CLANG_WARN_ENUM_CONVERSION = YES;
				CLANG_WARN_INFINITE_RECURSION = YES;
				CLANG_WARN_INT_CONVERSION = YES;
				CLANG_WARN_NON_LITERAL_NULL_CONVERSION = YES;
				CLANG_WARN_OBJC_IMPLICIT_RETAIN_SELF = YES;
				CLANG_WARN_OBJC_LITERAL_CONVERSION = YES;
				CLANG_WARN_OBJC_ROOT_CLASS = YES_ERROR;
				CLANG_WARN_QUOTED_INCLUDE_IN_FRAMEWORK_HEADER = YES;
				CLANG_WARN_RANGE_LOOP_ANALYSIS = YES;
				CLANG_WARN_STRICT_PROTOTYPES = YES;
				CLANG_WARN_SUSPICIOUS_MOVE = YES;
				CLANG_WARN_UNGUARDED_AVAILABILITY = YES_AGGRESSIVE;
				CLANG_WARN_UNREACHABLE_CODE = YES;
				CLANG_WARN__DUPLICATE_METHOD_MATCH = YES;
				COPY_PHASE_STRIP = NO;
				DEBUG_INFORMATION_FORMAT = dwarf;
				ENABLE_STRICT_OBJC_MSGSEND = YES;
				ENABLE_TESTABILITY = YES;
				GCC_C_LANGUAGE_STANDARD = gnu11;
				GCC_DYNAMIC_NO_PIC = NO;
				GCC_NO_COMMON_BLOCKS = YES;
				GCC_OPTIMIZATION_LEVEL = 0;
				GCC_PREPROCESSOR_DEFINITIONS = (
					"DEBUG=1",
					"$(inherited)",
				);
				GCC_WARN_64_TO_32_BIT_CONVERSION = YES;
				GCC_WARN_ABOUT_RETURN_TYPE = YES_ERROR;
				GCC_WARN_UNDECLARED_SELECTOR = YES;
				GCC_WARN_UNINITIALIZED_AUTOS = YES_AGGRESSIVE;
				GCC_WARN_UNUSED_FUNCTION = YES;
				GCC_WARN_UNUSED_VARIABLE = YES;
				IPHONEOS_DEPLOYMENT_TARGET = 15.4;
				MTL_ENABLE_DEBUG_INFO = INCLUDE_SOURCE;
				MTL_FAST_MATH = YES;
				ONLY_ACTIVE_ARCH = YES;
				SDKROOT = iphoneos;
				SWIFT_ACTIVE_COMPILATION_CONDITIONS = DEBUG;
				SWIFT_OPTIMIZATION_LEVEL = "-Onone";
			};
			name = Debug;
		};
		FAA65FD62821DC3500E2DA9F /* Release */ = {
			isa = XCBuildConfiguration;
			buildSettings = {
				ALWAYS_SEARCH_USER_PATHS = NO;
				CLANG_ANALYZER_NONNULL = YES;
				CLANG_ANALYZER_NUMBER_OBJECT_CONVERSION = YES_AGGRESSIVE;
				CLANG_CXX_LANGUAGE_STANDARD = "gnu++17";
				CLANG_ENABLE_MODULES = YES;
				CLANG_ENABLE_OBJC_ARC = YES;
				CLANG_ENABLE_OBJC_WEAK = YES;
				CLANG_WARN_BLOCK_CAPTURE_AUTORELEASING = YES;
				CLANG_WARN_BOOL_CONVERSION = YES;
				CLANG_WARN_COMMA = YES;
				CLANG_WARN_CONSTANT_CONVERSION = YES;
				CLANG_WARN_DEPRECATED_OBJC_IMPLEMENTATIONS = YES;
				CLANG_WARN_DIRECT_OBJC_ISA_USAGE = YES_ERROR;
				CLANG_WARN_DOCUMENTATION_COMMENTS = YES;
				CLANG_WARN_EMPTY_BODY = YES;
				CLANG_WARN_ENUM_CONVERSION = YES;
				CLANG_WARN_INFINITE_RECURSION = YES;
				CLANG_WARN_INT_CONVERSION = YES;
				CLANG_WARN_NON_LITERAL_NULL_CONVERSION = YES;
				CLANG_WARN_OBJC_IMPLICIT_RETAIN_SELF = YES;
				CLANG_WARN_OBJC_LITERAL_CONVERSION = YES;
				CLANG_WARN_OBJC_ROOT_CLASS = YES_ERROR;
				CLANG_WARN_QUOTED_INCLUDE_IN_FRAMEWORK_HEADER = YES;
				CLANG_WARN_RANGE_LOOP_ANALYSIS = YES;
				CLANG_WARN_STRICT_PROTOTYPES = YES;
				CLANG_WARN_SUSPICIOUS_MOVE = YES;
				CLANG_WARN_UNGUARDED_AVAILABILITY = YES_AGGRESSIVE;
				CLANG_WARN_UNREACHABLE_CODE = YES;
				CLANG_WARN__DUPLICATE_METHOD_MATCH = YES;
				COPY_PHASE_STRIP = NO;
				DEBUG_INFORMATION_FORMAT = "dwarf-with-dsym";
				ENABLE_NS_ASSERTIONS = NO;
				ENABLE_STRICT_OBJC_MSGSEND = YES;
				GCC_C_LANGUAGE_STANDARD = gnu11;
				GCC_NO_COMMON_BLOCKS = YES;
				GCC_WARN_64_TO_32_BIT_CONVERSION = YES;
				GCC_WARN_ABOUT_RETURN_TYPE = YES_ERROR;
				GCC_WARN_UNDECLARED_SELECTOR = YES;
				GCC_WARN_UNINITIALIZED_AUTOS = YES_AGGRESSIVE;
				GCC_WARN_UNUSED_FUNCTION = YES;
				GCC_WARN_UNUSED_VARIABLE = YES;
				IPHONEOS_DEPLOYMENT_TARGET = 15.4;
				MTL_ENABLE_DEBUG_INFO = NO;
				MTL_FAST_MATH = YES;
				SDKROOT = iphoneos;
				SWIFT_COMPILATION_MODE = wholemodule;
				SWIFT_OPTIMIZATION_LEVEL = "-O";
				VALIDATE_PRODUCT = YES;
			};
			name = Release;
		};
		FAA65FD82821DC3500E2DA9F /* Debug */ = {
			isa = XCBuildConfiguration;
			buildSettings = {
				ASSETCATALOG_COMPILER_APPICON_NAME = AppIcon;
				ASSETCATALOG_COMPILER_GLOBAL_ACCENT_COLOR_NAME = AccentColor;
				CODE_SIGN_STYLE = Automatic;
				CURRENT_PROJECT_VERSION = 1;
				DEVELOPMENT_ASSET_PATHS = "\"Weather/Preview Content\"";
				DEVELOPMENT_TEAM = W35P6LHCZU;
				ENABLE_PREVIEWS = YES;
				GENERATE_INFOPLIST_FILE = YES;
				INFOPLIST_KEY_UIApplicationSceneManifest_Generation = YES;
				INFOPLIST_KEY_UIApplicationSupportsIndirectInputEvents = YES;
				INFOPLIST_KEY_UILaunchScreen_Generation = YES;
				INFOPLIST_KEY_UISupportedInterfaceOrientations_iPad = "UIInterfaceOrientationPortrait UIInterfaceOrientationPortraitUpsideDown UIInterfaceOrientationLandscapeLeft UIInterfaceOrientationLandscapeRight";
				INFOPLIST_KEY_UISupportedInterfaceOrientations_iPhone = "UIInterfaceOrientationPortrait UIInterfaceOrientationLandscapeLeft UIInterfaceOrientationLandscapeRight";
				LD_RUNPATH_SEARCH_PATHS = (
					"$(inherited)",
					"@executable_path/Frameworks",
				);
				MARKETING_VERSION = 1.0;
				PRODUCT_BUNDLE_IDENTIFIER = io.immaxp.Weather;
				PRODUCT_NAME = "$(TARGET_NAME)";
				SWIFT_EMIT_LOC_STRINGS = YES;
				SWIFT_VERSION = 5.0;
				TARGETED_DEVICE_FAMILY = "1,2";
			};
			name = Debug;
		};
		FAA65FD92821DC3500E2DA9F /* Release */ = {
			isa = XCBuildConfiguration;
			buildSettings = {
				ASSETCATALOG_COMPILER_APPICON_NAME = AppIcon;
				ASSETCATALOG_COMPILER_GLOBAL_ACCENT_COLOR_NAME = AccentColor;
				CODE_SIGN_STYLE = Automatic;
				CURRENT_PROJECT_VERSION = 1;
				DEVELOPMENT_ASSET_PATHS = "\"Weather/Preview Content\"";
				DEVELOPMENT_TEAM = W35P6LHCZU;
				ENABLE_PREVIEWS = YES;
				GENERATE_INFOPLIST_FILE = YES;
				INFOPLIST_KEY_UIApplicationSceneManifest_Generation = YES;
				INFOPLIST_KEY_UIApplicationSupportsIndirectInputEvents = YES;
				INFOPLIST_KEY_UILaunchScreen_Generation = YES;
				INFOPLIST_KEY_UISupportedInterfaceOrientations_iPad = "UIInterfaceOrientationPortrait UIInterfaceOrientationPortraitUpsideDown UIInterfaceOrientationLandscapeLeft UIInterfaceOrientationLandscapeRight";
				INFOPLIST_KEY_UISupportedInterfaceOrientations_iPhone = "UIInterfaceOrientationPortrait UIInterfaceOrientationLandscapeLeft UIInterfaceOrientationLandscapeRight";
				LD_RUNPATH_SEARCH_PATHS = (
					"$(inherited)",
					"@executable_path/Frameworks",
				);
				MARKETING_VERSION = 1.0;
				PRODUCT_BUNDLE_IDENTIFIER = io.immaxp.Weather;
				PRODUCT_NAME = "$(TARGET_NAME)";
				SWIFT_EMIT_LOC_STRINGS = YES;
				SWIFT_VERSION = 5.0;
				TARGETED_DEVICE_FAMILY = "1,2";
			};
			name = Release;
		};
/* End XCBuildConfiguration section */

/* Begin XCConfigurationList section */
		FAA65FC42821DC3500E2DA9F /* Build configuration list for PBXProject "Weather" */ = {
			isa = XCConfigurationList;
			buildConfigurations = (
				FAA65FD52821DC3500E2DA9F /* Debug */,
				FAA65FD62821DC3500E2DA9F /* Release */,
			);
			defaultConfigurationIsVisible = 0;
			defaultConfigurationName = Release;
		};
		FAA65FD72821DC3500E2DA9F /* Build configuration list for PBXNativeTarget "Weather" */ = {
			isa = XCConfigurationList;
			buildConfigurations = (
				FAA65FD82821DC3500E2DA9F /* Debug */,
				FAA65FD92821DC3500E2DA9F /* Release */,
			);
			defaultConfigurationIsVisible = 0;
			defaultConfigurationName = Release;
		};
/* End XCConfigurationList section */
	};
	rootObject = FAA65FC12821DC3500E2DA9F /* Project object */;
}
